
Microsoft Visual Studio Solution File, Format Version 12.00
# Visual Studio Version 16
VisualStudioVersion = 16.0.29009.5
MinimumVisualStudioVersion = 10.0.40219.1
Project("{FAE04EC0-301F-11D3-BF4B-00C04F79EFBC}") = "deneme", "deneme\deneme.csproj", "{86529674-23C8-40C6-AA15-729B943252AF}"
EndProject
Global
	GlobalSection(SolutionConfigurationPlatforms) = preSolution
		Debug|Any CPU = Debug|Any CPU
		Release|Any CPU = Release|Any CPU
	EndGlobalSection
	GlobalSection(ProjectConfigurationPlatforms) = postSolution
		{86529674-23C8-40C6-AA15-729B943252AF}.Debug|Any CPU.ActiveCfg = Debug|Any CPU
		{86529674-23C8-40C6-AA15-729B943252AF}.Debug|Any CPU.Build.0 = Debug|Any CPU
		{86529674-23C8-40C6-AA15-729B943252AF}.Release|Any CPU.ActiveCfg = Release|Any CPU
		{86529674-23C8-40C6-AA15-729B943252AF}.Release|Any CPU.Build.0 = Release|Any CPU
	EndGlobalSection
	GlobalSection(SolutionProperties) = preSolution
		HideSolutionNode = FALSE
	EndGlobalSection
	GlobalSection(ExtensibilityGlobals) = postSolution
		SolutionGuid = {8243B86C-5E05-4AFA-929E-0D57EAA40C2F}
	EndGlobalSection
EndGlobal
